
Microsoft Visual Studio Solution File, Format Version 12.00
# Visual Studio Version 17
VisualStudioVersion = 17.9.34701.34
MinimumVisualStudioVersion = 10.0.40219.1
Project("{FAE04EC0-301F-11D3-BF4B-00C04F79EFBC}") = "10. Working in WPF", "10. Working in WPF\10. Working in WPF.csproj", "{080E76A6-0745-490F-BCA5-32788F28B17B}"
EndProject
Global
	GlobalSection(SolutionConfigurationPlatforms) = preSolution
		Debug|Any CPU = Debug|Any CPU
		Release|Any CPU = Release|Any CPU
	EndGlobalSection
	GlobalSection(ProjectConfigurationPlatforms) = postSolution
		{080E76A6-0745-490F-BCA5-32788F28B17B}.Debug|Any CPU.ActiveCfg = Debug|Any CPU
		{080E76A6-0745-490F-BCA5-32788F28B17B}.Debug|Any CPU.Build.0 = Debug|Any CPU
		{080E76A6-0745-490F-BCA5-32788F28B17B}.Release|Any CPU.ActiveCfg = Release|Any CPU
		{080E76A6-0745-490F-BCA5-32788F28B17B}.Release|Any CPU.Build.0 = Release|Any CPU
	EndGlobalSection
	GlobalSection(SolutionProperties) = preSolution
		HideSolutionNode = FALSE
	EndGlobalSection
	GlobalSection(ExtensibilityGlobals) = postSolution
		SolutionGuid = {B1589FF8-C6F9-4A24-B6D0-996A0049188D}
	EndGlobalSection
EndGlobal
